
Microsoft Visual Studio Solution File, Format Version 12.00
# Visual Studio Version 17
VisualStudioVersion = 17.0.31903.59
MinimumVisualStudioVersion = 10.0.40219.1
Project("{FAE04EC0-301F-11D3-BF4B-00C04F79EFBC}") = "Admin", "Admin\Admin.csproj", "{B8A7943A-9A4A-40B5-9BF6-558FF8BC63AF}"
EndProject
Project("{FAE04EC0-301F-11D3-BF4B-00C04F79EFBC}") = "Web", "Web\Web.csproj", "{92EC8ECD-DBB0-4920-9F86-A2759AEED8DB}"
EndProject
Project("{FAE04EC0-301F-11D3-BF4B-00C04F79EFBC}") = "AppCore", "AppCore\AppCore.csproj", "{F0E9F5A6-777A-4A57-AB84-A81F95969088}"
EndProject
Global
	GlobalSection(SolutionConfigurationPlatforms) = preSolution
		Debug|Any CPU = Debug|Any CPU
		Debug|x64 = Debug|x64
		Debug|x86 = Debug|x86
		Release|Any CPU = Release|Any CPU
		Release|x64 = Release|x64
		Release|x86 = Release|x86
	EndGlobalSection
	GlobalSection(ProjectConfigurationPlatforms) = postSolution
		{B8A7943A-9A4A-40B5-9BF6-558FF8BC63AF}.Debug|Any CPU.ActiveCfg = Debug|Any CPU
		{B8A7943A-9A4A-40B5-9BF6-558FF8BC63AF}.Debug|Any CPU.Build.0 = Debug|Any CPU
		{B8A7943A-9A4A-40B5-9BF6-558FF8BC63AF}.Debug|x64.ActiveCfg = Debug|Any CPU
		{B8A7943A-9A4A-40B5-9BF6-558FF8BC63AF}.Debug|x64.Build.0 = Debug|Any CPU
		{B8A7943A-9A4A-40B5-9BF6-558FF8BC63AF}.Debug|x86.ActiveCfg = Debug|Any CPU
		{B8A7943A-9A4A-40B5-9BF6-558FF8BC63AF}.Debug|x86.Build.0 = Debug|Any CPU
		{B8A7943A-9A4A-40B5-9BF6-558FF8BC63AF}.Release|Any CPU.ActiveCfg = Release|Any CPU
		{B8A7943A-9A4A-40B5-9BF6-558FF8BC63AF}.Release|Any CPU.Build.0 = Release|Any CPU
		{B8A7943A-9A4A-40B5-9BF6-558FF8BC63AF}.Release|x64.ActiveCfg = Release|Any CPU
		{B8A7943A-9A4A-40B5-9BF6-558FF8BC63AF}.Release|x64.Build.0 = Release|Any CPU
		{B8A7943A-9A4A-40B5-9BF6-558FF8BC63AF}.Release|x86.ActiveCfg = Release|Any CPU
		{B8A7943A-9A4A-40B5-9BF6-558FF8BC63AF}.Release|x86.Build.0 = Release|Any CPU
		{92EC8ECD-DBB0-4920-9F86-A2759AEED8DB}.Debug|Any CPU.ActiveCfg = Debug|Any CPU
		{92EC8ECD-DBB0-4920-9F86-A2759AEED8DB}.Debug|Any CPU.Build.0 = Debug|Any CPU
		{92EC8ECD-DBB0-4920-9F86-A2759AEED8DB}.Debug|x64.ActiveCfg = Debug|Any CPU
		{92EC8ECD-DBB0-4920-9F86-A2759AEED8DB}.Debug|x64.Build.0 = Debug|Any CPU
		{92EC8ECD-DBB0-4920-9F86-A2759AEED8DB}.Debug|x86.ActiveCfg = Debug|Any CPU
		{92EC8ECD-DBB0-4920-9F86-A2759AEED8DB}.Debug|x86.Build.0 = Debug|Any CPU
		{92EC8ECD-DBB0-4920-9F86-A2759AEED8DB}.Release|Any CPU.ActiveCfg = Release|Any CPU
		{92EC8ECD-DBB0-4920-9F86-A2759AEED8DB}.Release|Any CPU.Build.0 = Release|Any CPU
		{92EC8ECD-DBB0-4920-9F86-A2759AEED8DB}.Release|x64.ActiveCfg = Release|Any CPU
		{92EC8ECD-DBB0-4920-9F86-A2759AEED8DB}.Release|x64.Build.0 = Release|Any CPU
		{92EC8ECD-DBB0-4920-9F86-A2759AEED8DB}.Release|x86.ActiveCfg = Release|Any CPU
		{92EC8ECD-DBB0-4920-9F86-A2759AEED8DB}.Release|x86.Build.0 = Release|Any CPU
		{F0E9F5A6-777A-4A57-AB84-A81F95969088}.Debug|Any CPU.ActiveCfg = Debug|Any CPU
		{F0E9F5A6-777A-4A57-AB84-A81F95969088}.Debug|Any CPU.Build.0 = Debug|Any CPU
		{F0E9F5A6-777A-4A57-AB84-A81F95969088}.Debug|x64.ActiveCfg = Debug|Any CPU
		{F0E9F5A6-777A-4A57-AB84-A81F95969088}.Debug|x64.Build.0 = Debug|Any CPU
		{F0E9F5A6-777A-4A57-AB84-A81F95969088}.Debug|x86.ActiveCfg = Debug|Any CPU
		{F0E9F5A6-777A-4A57-AB84-A81F95969088}.Debug|x86.Build.0 = Debug|Any CPU
		{F0E9F5A6-777A-4A57-AB84-A81F95969088}.Release|Any CPU.ActiveCfg = Release|Any CPU
		{F0E9F5A6-777A-4A57-AB84-A81F95969088}.Release|Any CPU.Build.0 = Release|Any CPU
		{F0E9F5A6-777A-4A57-AB84-A81F95969088}.Release|x64.ActiveCfg = Release|Any CPU
		{F0E9F5A6-777A-4A57-AB84-A81F95969088}.Release|x64.Build.0 = Release|Any CPU
		{F0E9F5A6-777A-4A57-AB84-A81F95969088}.Release|x86.ActiveCfg = Release|Any CPU
		{F0E9F5A6-777A-4A57-AB84-A81F95969088}.Release|x86.Build.0 = Release|Any CPU
	EndGlobalSection
	GlobalSection(SolutionProperties) = preSolution
		HideSolutionNode = FALSE
	EndGlobalSection
EndGlobal
